
Microsoft Visual Studio Solution File, Format Version 12.00
# Visual Studio 15
VisualStudioVersion = 15.0.27130.2026
MinimumVisualStudioVersion = 10.0.40219.1
Project("{151D2E53-A2C4-4D7D-83FE-D05416EBD58E}") = "InboundPurchaseOrder", "InboundPurchaseOrder\InboundPurchaseOrder.deployproj", "{8375C2E9-672D-4420-831C-8D6B9B75DA9A}"
EndProject
Project("{FAE04EC0-301F-11D3-BF4B-00C04F79EFBC}") = "PostEventGrid", "PostEventGrid\PostEventGrid.csproj", "{C72A38FC-609C-4117-A32B-82754943DE54}"
EndProject
Global
	GlobalSection(SolutionConfigurationPlatforms) = preSolution
		Debug|Any CPU = Debug|Any CPU
		Release|Any CPU = Release|Any CPU
	EndGlobalSection
	GlobalSection(ProjectConfigurationPlatforms) = postSolution
		{8375C2E9-672D-4420-831C-8D6B9B75DA9A}.Debug|Any CPU.ActiveCfg = Debug|Any CPU
		{8375C2E9-672D-4420-831C-8D6B9B75DA9A}.Debug|Any CPU.Build.0 = Debug|Any CPU
		{8375C2E9-672D-4420-831C-8D6B9B75DA9A}.Release|Any CPU.ActiveCfg = Release|Any CPU
		{8375C2E9-672D-4420-831C-8D6B9B75DA9A}.Release|Any CPU.Build.0 = Release|Any CPU
		{C72A38FC-609C-4117-A32B-82754943DE54}.Debug|Any CPU.ActiveCfg = Debug|Any CPU
		{C72A38FC-609C-4117-A32B-82754943DE54}.Debug|Any CPU.Build.0 = Debug|Any CPU
		{C72A38FC-609C-4117-A32B-82754943DE54}.Release|Any CPU.ActiveCfg = Release|Any CPU
		{C72A38FC-609C-4117-A32B-82754943DE54}.Release|Any CPU.Build.0 = Release|Any CPU
	EndGlobalSection
	GlobalSection(SolutionProperties) = preSolution
		HideSolutionNode = FALSE
	EndGlobalSection
	GlobalSection(ExtensibilityGlobals) = postSolution
		SolutionGuid = {7BE78F74-7197-4246-8C9E-70228D38323A}
	EndGlobalSection
EndGlobal
